
Microsoft Visual Studio Solution File, Format Version 12.00
# Visual Studio Version 17
VisualStudioVersion = 17.5.33424.131
MinimumVisualStudioVersion = 10.0.40219.1
Project("{FAE04EC0-301F-11D3-BF4B-00C04F79EFBC}") = "1_ASP.NET_6.0", "1_ASP.NET_6.0.csproj", "{01C6043B-748F-4121-96F4-8F593D7D57E7}"
EndProject
Project("{FAE04EC0-301F-11D3-BF4B-00C04F79EFBC}") = "Shopping_App", "..\Shopping_App\Shopping_App.csproj", "{3D657B1C-6590-41B9-B615-C4EB821B1024}"
EndProject
Global
	GlobalSection(SolutionConfigurationPlatforms) = preSolution
		Debug|Any CPU = Debug|Any CPU
		Release|Any CPU = Release|Any CPU
	EndGlobalSection
	GlobalSection(ProjectConfigurationPlatforms) = postSolution
		{01C6043B-748F-4121-96F4-8F593D7D57E7}.Debug|Any CPU.ActiveCfg = Debug|Any CPU
		{01C6043B-748F-4121-96F4-8F593D7D57E7}.Debug|Any CPU.Build.0 = Debug|Any CPU
		{01C6043B-748F-4121-96F4-8F593D7D57E7}.Release|Any CPU.ActiveCfg = Release|Any CPU
		{01C6043B-748F-4121-96F4-8F593D7D57E7}.Release|Any CPU.Build.0 = Release|Any CPU
		{3D657B1C-6590-41B9-B615-C4EB821B1024}.Debug|Any CPU.ActiveCfg = Debug|Any CPU
		{3D657B1C-6590-41B9-B615-C4EB821B1024}.Debug|Any CPU.Build.0 = Debug|Any CPU
		{3D657B1C-6590-41B9-B615-C4EB821B1024}.Release|Any CPU.ActiveCfg = Release|Any CPU
		{3D657B1C-6590-41B9-B615-C4EB821B1024}.Release|Any CPU.Build.0 = Release|Any CPU
	EndGlobalSection
	GlobalSection(SolutionProperties) = preSolution
		HideSolutionNode = FALSE
	EndGlobalSection
	GlobalSection(ExtensibilityGlobals) = postSolution
		SolutionGuid = {82A351F8-553A-4783-BB50-57717B269E04}
	EndGlobalSection
EndGlobal
